// !$*UTF8*$!
{
	archiveVersion = 1;
	classes = {
	};
	objectVersion = 55;
	objects = {

/* Begin PBXBuildFile section */
		CAC21FCE2818CFA5009677AF /* AppDelegate.swift in Sources */ = {isa = PBXBuildFile; fileRef = CAC21FCD2818CFA5009677AF /* AppDelegate.swift */; };
		CAC21FD02818CFA5009677AF /* SceneDelegate.swift in Sources */ = {isa = PBXBuildFile; fileRef = CAC21FCF2818CFA5009677AF /* SceneDelegate.swift */; };
		CAC21FD22818CFA5009677AF /* ViewController.swift in Sources */ = {isa = PBXBuildFile; fileRef = CAC21FD12818CFA5009677AF /* ViewController.swift */; };
		CAC21FD72818CFA7009677AF /* Assets.xcassets in Resources */ = {isa = PBXBuildFile; fileRef = CAC21FD62818CFA7009677AF /* Assets.xcassets */; };
		CAC21FDA2818CFA7009677AF /* LaunchScreen.storyboard in Resources */ = {isa = PBXBuildFile; fileRef = CAC21FD82818CFA7009677AF /* LaunchScreen.storyboard */; };
		CAC21FE22818D119009677AF /* ContantView.swift in Sources */ = {isa = PBXBuildFile; fileRef = CAC21FE12818D118009677AF /* ContantView.swift */; };
		CAC21FE52818D22A009677AF /* Coordinator.swift in Sources */ = {isa = PBXBuildFile; fileRef = CAC21FE42818D22A009677AF /* Coordinator.swift */; };
		CAC21FE72818D27D009677AF /* ApplicationCoordinator.swift in Sources */ = {isa = PBXBuildFile; fileRef = CAC21FE62818D27D009677AF /* ApplicationCoordinator.swift */; };
		CAC21FEB2818DC89009677AF /* OnbordingCoordinator.swift in Sources */ = {isa = PBXBuildFile; fileRef = CAC21FEA2818DC89009677AF /* OnbordingCoordinator.swift */; };
		CAC21FED2818DCBD009677AF /* OnboardingView.swift in Sources */ = {isa = PBXBuildFile; fileRef = CAC21FEC2818DCBD009677AF /* OnboardingView.swift */; };
		CAC21FF02818DF39009677AF /* ScaledImageView.swift in Sources */ = {isa = PBXBuildFile; fileRef = CAC21FEF2818DF38009677AF /* ScaledImageView.swift */; };
		CAC21FF22818E6A9009677AF /* MainCoordinator.swift in Sources */ = {isa = PBXBuildFile; fileRef = CAC21FF12818E6A9009677AF /* MainCoordinator.swift */; };
		CAC21FF62818E700009677AF /* FirstTabCoordinator.swift in Sources */ = {isa = PBXBuildFile; fileRef = CAC21FF52818E700009677AF /* FirstTabCoordinator.swift */; };
		CAC21FF92818E779009677AF /* SecondTabCoordinator.swift in Sources */ = {isa = PBXBuildFile; fileRef = CAC21FF82818E779009677AF /* SecondTabCoordinator.swift */; };
		CAC21FFD281A0970009677AF /* FirstDetailView.swift in Sources */ = {isa = PBXBuildFile; fileRef = CAC21FFC281A0970009677AF /* FirstDetailView.swift */; };
		CAC22002281A09CB009677AF /* FirstViewController.swift in Sources */ = {isa = PBXBuildFile; fileRef = CAC22000281A09CB009677AF /* FirstViewController.swift */; };
		CAC22006281A09DC009677AF /* SecondViewController.swift in Sources */ = {isa = PBXBuildFile; fileRef = CAC22004281A09DC009677AF /* SecondViewController.swift */; };
		CAC22007281A09DC009677AF /* SecondViewController.xib in Resources */ = {isa = PBXBuildFile; fileRef = CAC22005281A09DC009677AF /* SecondViewController.xib */; };
		CAC22009281A2ED1009677AF /* FirstTabViewModel.swift in Sources */ = {isa = PBXBuildFile; fileRef = CAC22008281A2ED1009677AF /* FirstTabViewModel.swift */; };
/* End PBXBuildFile section */

/* Begin PBXFileReference section */
		CAC21FCA2818CFA5009677AF /* CooordinatorProject.app */ = {isa = PBXFileReference; explicitFileType = wrapper.application; includeInIndex = 0; path = CooordinatorProject.app; sourceTree = BUILT_PRODUCTS_DIR; };
		CAC21FCD2818CFA5009677AF /* AppDelegate.swift */ = {isa = PBXFileReference; lastKnownFileType = sourcecode.swift; path = AppDelegate.swift; sourceTree = "<group>"; };
		CAC21FCF2818CFA5009677AF /* SceneDelegate.swift */ = {isa = PBXFileReference; lastKnownFileType = sourcecode.swift; path = SceneDelegate.swift; sourceTree = "<group>"; };
		CAC21FD12818CFA5009677AF /* ViewController.swift */ = {isa = PBXFileReference; lastKnownFileType = sourcecode.swift; path = ViewController.swift; sourceTree = "<group>"; };
		CAC21FD62818CFA7009677AF /* Assets.xcassets */ = {isa = PBXFileReference; lastKnownFileType = folder.assetcatalog; path = Assets.xcassets; sourceTree = "<group>"; };
		CAC21FD92818CFA7009677AF /* Base */ = {isa = PBXFileReference; lastKnownFileType = file.storyboard; name = Base; path = Base.lproj/LaunchScreen.storyboard; sourceTree = "<group>"; };
		CAC21FDB2818CFA7009677AF /* Info.plist */ = {isa = PBXFileReference; lastKnownFileType = text.plist.xml; path = Info.plist; sourceTree = "<group>"; };
		CAC21FE12818D118009677AF /* ContantView.swift */ = {isa = PBXFileReference; lastKnownFileType = sourcecode.swift; path = ContantView.swift; sourceTree = "<group>"; };
		CAC21FE42818D22A009677AF /* Coordinator.swift */ = {isa = PBXFileReference; lastKnownFileType = sourcecode.swift; path = Coordinator.swift; sourceTree = "<group>"; };
		CAC21FE62818D27D009677AF /* ApplicationCoordinator.swift */ = {isa = PBXFileReference; lastKnownFileType = sourcecode.swift; path = ApplicationCoordinator.swift; sourceTree = "<group>"; };
		CAC21FEA2818DC89009677AF /* OnbordingCoordinator.swift */ = {isa = PBXFileReference; lastKnownFileType = sourcecode.swift; path = OnbordingCoordinator.swift; sourceTree = "<group>"; };
		CAC21FEC2818DCBD009677AF /* OnboardingView.swift */ = {isa = PBXFileReference; lastKnownFileType = sourcecode.swift; path = OnboardingView.swift; sourceTree = "<group>"; };
		CAC21FEF2818DF38009677AF /* ScaledImageView.swift */ = {isa = PBXFileReference; lastKnownFileType = sourcecode.swift; path = ScaledImageView.swift; sourceTree = "<group>"; };
		CAC21FF12818E6A9009677AF /* MainCoordinator.swift */ = {isa = PBXFileReference; lastKnownFileType = sourcecode.swift; path = MainCoordinator.swift; sourceTree = "<group>"; };
		CAC21FF52818E700009677AF /* FirstTabCoordinator.swift */ = {isa = PBXFileReference; lastKnownFileType = sourcecode.swift; path = FirstTabCoordinator.swift; sourceTree = "<group>"; };
		CAC21FF82818E779009677AF /* SecondTabCoordinator.swift */ = {isa = PBXFileReference; lastKnownFileType = sourcecode.swift; path = SecondTabCoordinator.swift; sourceTree = "<group>"; };
		CAC21FFC281A0970009677AF /* FirstDetailView.swift */ = {isa = PBXFileReference; lastKnownFileType = sourcecode.swift; path = FirstDetailView.swift; sourceTree = "<group>"; };
		CAC22000281A09CB009677AF /* FirstViewController.swift */ = {isa = PBXFileReference; lastKnownFileType = sourcecode.swift; path = FirstViewController.swift; sourceTree = "<group>"; };
		CAC22004281A09DC009677AF /* SecondViewController.swift */ = {isa = PBXFileReference; lastKnownFileType = sourcecode.swift; path = SecondViewController.swift; sourceTree = "<group>"; };
		CAC22005281A09DC009677AF /* SecondViewController.xib */ = {isa = PBXFileReference; lastKnownFileType = file.xib; path = SecondViewController.xib; sourceTree = "<group>"; };
		CAC22008281A2ED1009677AF /* FirstTabViewModel.swift */ = {isa = PBXFileReference; lastKnownFileType = sourcecode.swift; path = FirstTabViewModel.swift; sourceTree = "<group>"; };
/* End PBXFileReference section */

/* Begin PBXFrameworksBuildPhase section */
		CAC21FC72818CFA5009677AF /* Frameworks */ = {
			isa = PBXFrameworksBuildPhase;
			buildActionMask = 2147483647;
			files = (
			);
			runOnlyForDeploymentPostprocessing = 0;
		};
/* End PBXFrameworksBuildPhase section */

/* Begin PBXGroup section */
		CAC21FC12818CFA5009677AF = {
			isa = PBXGroup;
			children = (
				CAC21FCC2818CFA5009677AF /* CooordinatorProject */,
				CAC21FCB2818CFA5009677AF /* Products */,
			);
			sourceTree = "<group>";
		};
		CAC21FCB2818CFA5009677AF /* Products */ = {
			isa = PBXGroup;
			children = (
				CAC21FCA2818CFA5009677AF /* CooordinatorProject.app */,
			);
			name = Products;
			sourceTree = "<group>";
		};
		CAC21FCC2818CFA5009677AF /* CooordinatorProject */ = {
			isa = PBXGroup;
			children = (
				CAC21FE62818D27D009677AF /* ApplicationCoordinator.swift */,
				CAC21FEE2818DF18009677AF /* Helper */,
				CAC21FE92818DC71009677AF /* Main */,
				CAC21FE82818DC69009677AF /* Onboarding */,
				CAC21FE32818D21B009677AF /* Protocols */,
				CAC21FCD2818CFA5009677AF /* AppDelegate.swift */,
				CAC21FCF2818CFA5009677AF /* SceneDelegate.swift */,
				CAC21FD12818CFA5009677AF /* ViewController.swift */,
				CAC21FD62818CFA7009677AF /* Assets.xcassets */,
				CAC21FD82818CFA7009677AF /* LaunchScreen.storyboard */,
				CAC21FDB2818CFA7009677AF /* Info.plist */,
				CAC21FE12818D118009677AF /* ContantView.swift */,
			);
			path = CooordinatorProject;
			sourceTree = "<group>";
		};
		CAC21FE32818D21B009677AF /* Protocols */ = {
			isa = PBXGroup;
			children = (
				CAC21FE42818D22A009677AF /* Coordinator.swift */,
			);
			path = Protocols;
			sourceTree = "<group>";
		};
		CAC21FE82818DC69009677AF /* Onboarding */ = {
			isa = PBXGroup;
			children = (
				CAC21FEA2818DC89009677AF /* OnbordingCoordinator.swift */,
				CAC21FEC2818DCBD009677AF /* OnboardingView.swift */,
			);
			path = Onboarding;
			sourceTree = "<group>";
		};
		CAC21FE92818DC71009677AF /* Main */ = {
			isa = PBXGroup;
			children = (
				CAC21FF12818E6A9009677AF /* MainCoordinator.swift */,
				CAC21FF32818E6D7009677AF /* First */,
				CAC21FF42818E6E4009677AF /* Second */,
			);
			path = Main;
			sourceTree = "<group>";
		};
		CAC21FEE2818DF18009677AF /* Helper */ = {
			isa = PBXGroup;
			children = (
				CAC21FEF2818DF38009677AF /* ScaledImageView.swift */,
			);
			path = Helper;
			sourceTree = "<group>";
		};
		CAC21FF32818E6D7009677AF /* First */ = {
			isa = PBXGroup;
			children = (
				CAC21FF52818E700009677AF /* FirstTabCoordinator.swift */,
				CAC21FFC281A0970009677AF /* FirstDetailView.swift */,
				CAC22000281A09CB009677AF /* FirstViewController.swift */,
				CAC22008281A2ED1009677AF /* FirstTabViewModel.swift */,
			);
			path = First;
			sourceTree = "<group>";
		};
		CAC21FF42818E6E4009677AF /* Second */ = {
			isa = PBXGroup;
			children = (
				CAC21FF82818E779009677AF /* SecondTabCoordinator.swift */,
				CAC22004281A09DC009677AF /* SecondViewController.swift */,
				CAC22005281A09DC009677AF /* SecondViewController.xib */,
			);
			path = Second;
			sourceTree = "<group>";
		};
/* End PBXGroup section */

/* Begin PBXNativeTarget section */
		CAC21FC92818CFA5009677AF /* CooordinatorProject */ = {
			isa = PBXNativeTarget;
			buildConfigurationList = CAC21FDE2818CFA7009677AF /* Build configuration list for PBXNativeTarget "CooordinatorProject" */;
			buildPhases = (
				CAC21FC62818CFA5009677AF /* Sources */,
				CAC21FC72818CFA5009677AF /* Frameworks */,
				CAC21FC82818CFA5009677AF /* Resources */,
			);
			buildRules = (
			);
			dependencies = (
			);
			name = CooordinatorProject;
			productName = CooordinatorProject;
			productReference = CAC21FCA2818CFA5009677AF /* CooordinatorProject.app */;
			productType = "com.apple.product-type.application";
		};
/* End PBXNativeTarget section */

/* Begin PBXProject section */
		CAC21FC22818CFA5009677AF /* Project object */ = {
			isa = PBXProject;
			attributes = {
				BuildIndependentTargetsInParallel = 1;
				LastSwiftUpdateCheck = 1320;
				LastUpgradeCheck = 1320;
				TargetAttributes = {
					CAC21FC92818CFA5009677AF = {
						CreatedOnToolsVersion = 13.2.1;
					};
				};
			};
			buildConfigurationList = CAC21FC52818CFA5009677AF /* Build configuration list for PBXProject "CooordinatorProject" */;
			compatibilityVersion = "Xcode 13.0";
			developmentRegion = en;
			hasScannedForEncodings = 0;
			knownRegions = (
				en,
				Base,
			);
			mainGroup = CAC21FC12818CFA5009677AF;
			productRefGroup = CAC21FCB2818CFA5009677AF /* Products */;
			projectDirPath = "";
			projectRoot = "";
			targets = (
				CAC21FC92818CFA5009677AF /* CooordinatorProject */,
			);
		};
/* End PBXProject section */

/* Begin PBXResourcesBuildPhase section */
		CAC21FC82818CFA5009677AF /* Resources */ = {
			isa = PBXResourcesBuildPhase;
			buildActionMask = 2147483647;
			files = (
				CAC22007281A09DC009677AF /* SecondViewController.xib in Resources */,
				CAC21FDA2818CFA7009677AF /* LaunchScreen.storyboard in Resources */,
				CAC21FD72818CFA7009677AF /* Assets.xcassets in Resources */,
			);
			runOnlyForDeploymentPostprocessing = 0;
		};
/* End PBXResourcesBuildPhase section */

/* Begin PBXSourcesBuildPhase section */
		CAC21FC62818CFA5009677AF /* Sources */ = {
			isa = PBXSourcesBuildPhase;
			buildActionMask = 2147483647;
			files = (
				CAC21FD22818CFA5009677AF /* ViewController.swift in Sources */,
				CAC21FCE2818CFA5009677AF /* AppDelegate.swift in Sources */,
				CAC21FE52818D22A009677AF /* Coordinator.swift in Sources */,
				CAC22006281A09DC009677AF /* SecondViewController.swift in Sources */,
				CAC21FED2818DCBD009677AF /* OnboardingView.swift in Sources */,
				CAC21FF92818E779009677AF /* SecondTabCoordinator.swift in Sources */,
				CAC21FE22818D119009677AF /* ContantView.swift in Sources */,
				CAC21FF02818DF39009677AF /* ScaledImageView.swift in Sources */,
				CAC21FD02818CFA5009677AF /* SceneDelegate.swift in Sources */,
				CAC21FF62818E700009677AF /* FirstTabCoordinator.swift in Sources */,
				CAC21FE72818D27D009677AF /* ApplicationCoordinator.swift in Sources */,
				CAC21FEB2818DC89009677AF /* OnbordingCoordinator.swift in Sources */,
				CAC21FFD281A0970009677AF /* FirstDetailView.swift in Sources */,
				CAC22009281A2ED1009677AF /* FirstTabViewModel.swift in Sources */,
				CAC21FF22818E6A9009677AF /* MainCoordinator.swift in Sources */,
				CAC22002281A09CB009677AF /* FirstViewController.swift in Sources */,
			);
			runOnlyForDeploymentPostprocessing = 0;
		};
/* End PBXSourcesBuildPhase section */

/* Begin PBXVariantGroup section */
		CAC21FD82818CFA7009677AF /* LaunchScreen.storyboard */ = {
			isa = PBXVariantGroup;
			children = (
				CAC21FD92818CFA7009677AF /* Base */,
			);
			name = LaunchScreen.storyboard;
			sourceTree = "<group>";
		};
/* End PBXVariantGroup section */

/* Begin XCBuildConfiguration section */
		CAC21FDC2818CFA7009677AF /* Debug */ = {
			isa = XCBuildConfiguration;
			buildSettings = {
				ALWAYS_SEARCH_USER_PATHS = NO;
				CLANG_ANALYZER_NONNULL = YES;
				CLANG_ANALYZER_NUMBER_OBJECT_CONVERSION = YES_AGGRESSIVE;
				CLANG_CXX_LANGUAGE_STANDARD = "gnu++17";
				CLANG_CXX_LIBRARY = "libc++";
				CLANG_ENABLE_MODULES = YES;
				CLANG_ENABLE_OBJC_ARC = YES;
				CLANG_ENABLE_OBJC_WEAK = YES;
				CLANG_WARN_BLOCK_CAPTURE_AUTORELEASING = YES;
				CLANG_WARN_BOOL_CONVERSION = YES;
				CLANG_WARN_COMMA = YES;
				CLANG_WARN_CONSTANT_CONVERSION = YES;
				CLANG_WARN_DEPRECATED_OBJC_IMPLEMENTATIONS = YES;
				CLANG_WARN_DIRECT_OBJC_ISA_USAGE = YES_ERROR;
				CLANG_WARN_DOCUMENTATION_COMMENTS = YES;
				CLANG_WARN_EMPTY_BODY = YES;
				CLANG_WARN_ENUM_CONVERSION = YES;
				CLANG_WARN_INFINITE_RECURSION = YES;
				CLANG_WARN_INT_CONVERSION = YES;
				CLANG_WARN_NON_LITERAL_NULL_CONVERSION = YES;
				CLANG_WARN_OBJC_IMPLICIT_RETAIN_SELF = YES;
				CLANG_WARN_OBJC_LITERAL_CONVERSION = YES;
				CLANG_WARN_OBJC_ROOT_CLASS = YES_ERROR;
				CLANG_WARN_QUOTED_INCLUDE_IN_FRAMEWORK_HEADER = YES;
				CLANG_WARN_RANGE_LOOP_ANALYSIS = YES;
				CLANG_WARN_STRICT_PROTOTYPES = YES;
				CLANG_WARN_SUSPICIOUS_MOVE = YES;
				CLANG_WARN_UNGUARDED_AVAILABILITY = YES_AGGRESSIVE;
				CLANG_WARN_UNREACHABLE_CODE = YES;
				CLANG_WARN__DUPLICATE_METHOD_MATCH = YES;
				COPY_PHASE_STRIP = NO;
				DEBUG_INFORMATION_FORMAT = dwarf;
				ENABLE_STRICT_OBJC_MSGSEND = YES;
				ENABLE_TESTABILITY = YES;
				GCC_C_LANGUAGE_STANDARD = gnu11;
				GCC_DYNAMIC_NO_PIC = NO;
				GCC_NO_COMMON_BLOCKS = YES;
				GCC_OPTIMIZATION_LEVEL = 0;
				GCC_PREPROCESSOR_DEFINITIONS = (
					"DEBUG=1",
					"$(inherited)",
				);
				GCC_WARN_64_TO_32_BIT_CONVERSION = YES;
				GCC_WARN_ABOUT_RETURN_TYPE = YES_ERROR;
				GCC_WARN_UNDECLARED_SELECTOR = YES;
				GCC_WARN_UNINITIALIZED_AUTOS = YES_AGGRESSIVE;
				GCC_WARN_UNUSED_FUNCTION = YES;
				GCC_WARN_UNUSED_VARIABLE = YES;
				IPHONEOS_DEPLOYMENT_TARGET = 15.2;
				MTL_ENABLE_DEBUG_INFO = INCLUDE_SOURCE;
				MTL_FAST_MATH = YES;
				ONLY_ACTIVE_ARCH = YES;
				SDKROOT = iphoneos;
				SWIFT_ACTIVE_COMPILATION_CONDITIONS = DEBUG;
				SWIFT_OPTIMIZATION_LEVEL = "-Onone";
			};
			name = Debug;
		};
		CAC21FDD2818CFA7009677AF /* Release */ = {
			isa = XCBuildConfiguration;
			buildSettings = {
				ALWAYS_SEARCH_USER_PATHS = NO;
				CLANG_ANALYZER_NONNULL = YES;
				CLANG_ANALYZER_NUMBER_OBJECT_CONVERSION = YES_AGGRESSIVE;
				CLANG_CXX_LANGUAGE_STANDARD = "gnu++17";
				CLANG_CXX_LIBRARY = "libc++";
				CLANG_ENABLE_MODULES = YES;
				CLANG_ENABLE_OBJC_ARC = YES;
				CLANG_ENABLE_OBJC_WEAK = YES;
				CLANG_WARN_BLOCK_CAPTURE_AUTORELEASING = YES;
				CLANG_WARN_BOOL_CONVERSION = YES;
				CLANG_WARN_COMMA = YES;
				CLANG_WARN_CONSTANT_CONVERSION = YES;
				CLANG_WARN_DEPRECATED_OBJC_IMPLEMENTATIONS = YES;
				CLANG_WARN_DIRECT_OBJC_ISA_USAGE = YES_ERROR;
				CLANG_WARN_DOCUMENTATION_COMMENTS = YES;
				CLANG_WARN_EMPTY_BODY = YES;
				CLANG_WARN_ENUM_CONVERSION = YES;
				CLANG_WARN_INFINITE_RECURSION = YES;
				CLANG_WARN_INT_CONVERSION = YES;
				CLANG_WARN_NON_LITERAL_NULL_CONVERSION = YES;
				CLANG_WARN_OBJC_IMPLICIT_RETAIN_SELF = YES;
				CLANG_WARN_OBJC_LITERAL_CONVERSION = YES;
				CLANG_WARN_OBJC_ROOT_CLASS = YES_ERROR;
				CLANG_WARN_QUOTED_INCLUDE_IN_FRAMEWORK_HEADER = YES;
				CLANG_WARN_RANGE_LOOP_ANALYSIS = YES;
				CLANG_WARN_STRICT_PROTOTYPES = YES;
				CLANG_WARN_SUSPICIOUS_MOVE = YES;
				CLANG_WARN_UNGUARDED_AVAILABILITY = YES_AGGRESSIVE;
				CLANG_WARN_UNREACHABLE_CODE = YES;
				CLANG_WARN__DUPLICATE_METHOD_MATCH = YES;
				COPY_PHASE_STRIP = NO;
				DEBUG_INFORMATION_FORMAT = "dwarf-with-dsym";
				ENABLE_NS_ASSERTIONS = NO;
				ENABLE_STRICT_OBJC_MSGSEND = YES;
				GCC_C_LANGUAGE_STANDARD = gnu11;
				GCC_NO_COMMON_BLOCKS = YES;
				GCC_WARN_64_TO_32_BIT_CONVERSION = YES;
				GCC_WARN_ABOUT_RETURN_TYPE = YES_ERROR;
				GCC_WARN_UNDECLARED_SELECTOR = YES;
				GCC_WARN_UNINITIALIZED_AUTOS = YES_AGGRESSIVE;
				GCC_WARN_UNUSED_FUNCTION = YES;
				GCC_WARN_UNUSED_VARIABLE = YES;
				IPHONEOS_DEPLOYMENT_TARGET = 15.2;
				MTL_ENABLE_DEBUG_INFO = NO;
				MTL_FAST_MATH = YES;
				SDKROOT = iphoneos;
				SWIFT_COMPILATION_MODE = wholemodule;
				SWIFT_OPTIMIZATION_LEVEL = "-O";
				VALIDATE_PRODUCT = YES;
			};
			name = Release;
		};
		CAC21FDF2818CFA7009677AF /* Debug */ = {
			isa = XCBuildConfiguration;
			buildSettings = {
				ASSETCATALOG_COMPILER_APPICON_NAME = AppIcon;
				ASSETCATALOG_COMPILER_GLOBAL_ACCENT_COLOR_NAME = AccentColor;
				CODE_SIGN_STYLE = Automatic;
				CURRENT_PROJECT_VERSION = 1;
				DEVELOPMENT_TEAM = M54A7BX79B;
				GENERATE_INFOPLIST_FILE = YES;
				INFOPLIST_FILE = CooordinatorProject/Info.plist;
				INFOPLIST_KEY_UIApplicationSupportsIndirectInputEvents = YES;
				INFOPLIST_KEY_UILaunchStoryboardName = LaunchScreen;
				INFOPLIST_KEY_UISupportedInterfaceOrientations_iPad = "UIInterfaceOrientationPortrait UIInterfaceOrientationPortraitUpsideDown UIInterfaceOrientationLandscapeLeft UIInterfaceOrientationLandscapeRight";
				INFOPLIST_KEY_UISupportedInterfaceOrientations_iPhone = "UIInterfaceOrientationPortrait UIInterfaceOrientationLandscapeLeft UIInterfaceOrientationLandscapeRight";
				IPHONEOS_DEPLOYMENT_TARGET = 14.0;
				LD_RUNPATH_SEARCH_PATHS = (
					"$(inherited)",
					"@executable_path/Frameworks",
				);
				MARKETING_VERSION = 1.0;
				PRODUCT_BUNDLE_IDENTIFIER = com.bohdankachenko.CooordinatorProject;
				PRODUCT_NAME = "$(TARGET_NAME)";
				SWIFT_EMIT_LOC_STRINGS = YES;
				SWIFT_VERSION = 5.0;
				TARGETED_DEVICE_FAMILY = "1,2";
			};
			name = Debug;
		};
		CAC21FE02818CFA7009677AF /* Release */ = {
			isa = XCBuildConfiguration;
			buildSettings = {
				ASSETCATALOG_COMPILER_APPICON_NAME = AppIcon;
				ASSETCATALOG_COMPILER_GLOBAL_ACCENT_COLOR_NAME = AccentColor;
				CODE_SIGN_STYLE = Automatic;
				CURRENT_PROJECT_VERSION = 1;
				DEVELOPMENT_TEAM = M54A7BX79B;
				GENERATE_INFOPLIST_FILE = YES;
				INFOPLIST_FILE = CooordinatorProject/Info.plist;
				INFOPLIST_KEY_UIApplicationSupportsIndirectInputEvents = YES;
				INFOPLIST_KEY_UILaunchStoryboardName = LaunchScreen;
				INFOPLIST_KEY_UISupportedInterfaceOrientations_iPad = "UIInterfaceOrientationPortrait UIInterfaceOrientationPortraitUpsideDown UIInterfaceOrientationLandscapeLeft UIInterfaceOrientationLandscapeRight";
				INFOPLIST_KEY_UISupportedInterfaceOrientations_iPhone = "UIInterfaceOrientationPortrait UIInterfaceOrientationLandscapeLeft UIInterfaceOrientationLandscapeRight";
				IPHONEOS_DEPLOYMENT_TARGET = 14.0;
				LD_RUNPATH_SEARCH_PATHS = (
					"$(inherited)",
					"@executable_path/Frameworks",
				);
				MARKETING_VERSION = 1.0;
				PRODUCT_BUNDLE_IDENTIFIER = com.bohdankachenko.CooordinatorProject;
				PRODUCT_NAME = "$(TARGET_NAME)";
				SWIFT_EMIT_LOC_STRINGS = YES;
				SWIFT_VERSION = 5.0;
				TARGETED_DEVICE_FAMILY = "1,2";
			};
			name = Release;
		};
/* End XCBuildConfiguration section */

/* Begin XCConfigurationList section */
		CAC21FC52818CFA5009677AF /* Build configuration list for PBXProject "CooordinatorProject" */ = {
			isa = XCConfigurationList;
			buildConfigurations = (
				CAC21FDC2818CFA7009677AF /* Debug */,
				CAC21FDD2818CFA7009677AF /* Release */,
			);
			defaultConfigurationIsVisible = 0;
			defaultConfigurationName = Release;
		};
		CAC21FDE2818CFA7009677AF /* Build configuration list for PBXNativeTarget "CooordinatorProject" */ = {
			isa = XCConfigurationList;
			buildConfigurations = (
				CAC21FDF2818CFA7009677AF /* Debug */,
				CAC21FE02818CFA7009677AF /* Release */,
			);
			defaultConfigurationIsVisible = 0;
			defaultConfigurationName = Release;
		};
/* End XCConfigurationList section */
	};
	rootObject = CAC21FC22818CFA5009677AF /* Project object */;
}
